
Microsoft Visual Studio Solution File, Format Version 12.00
# Visual Studio Version 17
VisualStudioVersion = 17.9.34728.123
MinimumVisualStudioVersion = 10.0.40219.1
Project("{FAE04EC0-301F-11D3-BF4B-00C04F79EFBC}") = "AutomatedTesting.Selenium", "AutomatedTesting.Selenium\AutomatedTesting.Selenium.csproj", "{01D88D72-7C73-4382-8C57-3869CE6457B0}"
EndProject
Global
	GlobalSection(SolutionConfigurationPlatforms) = preSolution
		Debug|Any CPU = Debug|Any CPU
		Release|Any CPU = Release|Any CPU
	EndGlobalSection
	GlobalSection(ProjectConfigurationPlatforms) = postSolution
		{01D88D72-7C73-4382-8C57-3869CE6457B0}.Debug|Any CPU.ActiveCfg = Debug|Any CPU
		{01D88D72-7C73-4382-8C57-3869CE6457B0}.Debug|Any CPU.Build.0 = Debug|Any CPU
		{01D88D72-7C73-4382-8C57-3869CE6457B0}.Release|Any CPU.ActiveCfg = Release|Any CPU
		{01D88D72-7C73-4382-8C57-3869CE6457B0}.Release|Any CPU.Build.0 = Release|Any CPU
	EndGlobalSection
	GlobalSection(SolutionProperties) = preSolution
		HideSolutionNode = FALSE
	EndGlobalSection
	GlobalSection(ExtensibilityGlobals) = postSolution
		SolutionGuid = {EDDEC336-CF76-4B81-AAB3-044F976CC1E2}
	EndGlobalSection
EndGlobal
